
Microsoft Visual Studio Solution File, Format Version 12.00
# Visual Studio 14
VisualStudioVersion = 14.0.23107.0
MinimumVisualStudioVersion = 10.0.40219.1
Project("{FAE04EC0-301F-11D3-BF4B-00C04F79EFBC}") = "ClientExe", "ClientExe\ClientExe.csproj", "{849E9A10-5597-463C-B045-0B81C063B200}"
EndProject
Project("{FAE04EC0-301F-11D3-BF4B-00C04F79EFBC}") = "Finance", "Finance\Finance.csproj", "{5F5BF755-115F-40F5-86F8-4B133CF5828E}"
EndProject
Global
	GlobalSection(SolutionConfigurationPlatforms) = preSolution
		Debug|Any CPU = Debug|Any CPU
		Debug|x86 = Debug|x86
		Release|Any CPU = Release|Any CPU
		Release|x86 = Release|x86
	EndGlobalSection
	GlobalSection(ProjectConfigurationPlatforms) = postSolution
		{849E9A10-5597-463C-B045-0B81C063B200}.Debug|Any CPU.ActiveCfg = Debug|x86
		{849E9A10-5597-463C-B045-0B81C063B200}.Debug|x86.ActiveCfg = Debug|x86
		{849E9A10-5597-463C-B045-0B81C063B200}.Debug|x86.Build.0 = Debug|x86
		{849E9A10-5597-463C-B045-0B81C063B200}.Release|Any CPU.ActiveCfg = Release|x86
		{849E9A10-5597-463C-B045-0B81C063B200}.Release|x86.ActiveCfg = Release|x86
		{849E9A10-5597-463C-B045-0B81C063B200}.Release|x86.Build.0 = Release|x86
		{5F5BF755-115F-40F5-86F8-4B133CF5828E}.Debug|Any CPU.ActiveCfg = Debug|Any CPU
		{5F5BF755-115F-40F5-86F8-4B133CF5828E}.Debug|Any CPU.Build.0 = Debug|Any CPU
		{5F5BF755-115F-40F5-86F8-4B133CF5828E}.Debug|x86.ActiveCfg = Debug|Any CPU
		{5F5BF755-115F-40F5-86F8-4B133CF5828E}.Debug|x86.Build.0 = Debug|Any CPU
		{5F5BF755-115F-40F5-86F8-4B133CF5828E}.Release|Any CPU.ActiveCfg = Release|Any CPU
		{5F5BF755-115F-40F5-86F8-4B133CF5828E}.Release|Any CPU.Build.0 = Release|Any CPU
		{5F5BF755-115F-40F5-86F8-4B133CF5828E}.Release|x86.ActiveCfg = Release|Any CPU
		{5F5BF755-115F-40F5-86F8-4B133CF5828E}.Release|x86.Build.0 = Release|Any CPU
	EndGlobalSection
	GlobalSection(SolutionProperties) = preSolution
		HideSolutionNode = FALSE
	EndGlobalSection
EndGlobal
